
Microsoft Visual Studio Solution File, Format Version 12.00
# Visual Studio Version 16
VisualStudioVersion = 16.0.31019.35
MinimumVisualStudioVersion = 10.0.40219.1
Project("{9A19103F-16F7-4668-BE54-9A1E7A4F7556}") = "VogCodeChallenge.API", "VogCodeChallenge.API\VogCodeChallenge.API.csproj", "{0755B83A-F7DE-4004-89F5-E72FC574B605}"
EndProject
Project("{FAE04EC0-301F-11D3-BF4B-00C04F79EFBC}") = "VogCodeChallenge.Console", "VogCodeChallenge.Console\VogCodeChallenge.Console.csproj", "{6E5A8DEC-E78B-4142-9B76-45914C8A042C}"
EndProject
Project("{9A19103F-16F7-4668-BE54-9A1E7A4F7556}") = "VogCodeChallenge.Lambda", "VogCodeChallenge.Lambda\VogCodeChallenge.Lambda.csproj", "{C9D2E95E-98F8-4A65-BEC8-6B7EFDE9BC7B}"
EndProject
Global
	GlobalSection(SolutionConfigurationPlatforms) = preSolution
		Debug|Any CPU = Debug|Any CPU
		Release|Any CPU = Release|Any CPU
	EndGlobalSection
	GlobalSection(ProjectConfigurationPlatforms) = postSolution
		{0755B83A-F7DE-4004-89F5-E72FC574B605}.Debug|Any CPU.ActiveCfg = Debug|Any CPU
		{0755B83A-F7DE-4004-89F5-E72FC574B605}.Debug|Any CPU.Build.0 = Debug|Any CPU
		{0755B83A-F7DE-4004-89F5-E72FC574B605}.Release|Any CPU.ActiveCfg = Release|Any CPU
		{0755B83A-F7DE-4004-89F5-E72FC574B605}.Release|Any CPU.Build.0 = Release|Any CPU
		{6E5A8DEC-E78B-4142-9B76-45914C8A042C}.Debug|Any CPU.ActiveCfg = Debug|Any CPU
		{6E5A8DEC-E78B-4142-9B76-45914C8A042C}.Debug|Any CPU.Build.0 = Debug|Any CPU
		{6E5A8DEC-E78B-4142-9B76-45914C8A042C}.Release|Any CPU.ActiveCfg = Release|Any CPU
		{6E5A8DEC-E78B-4142-9B76-45914C8A042C}.Release|Any CPU.Build.0 = Release|Any CPU
		{C9D2E95E-98F8-4A65-BEC8-6B7EFDE9BC7B}.Debug|Any CPU.ActiveCfg = Debug|Any CPU
		{C9D2E95E-98F8-4A65-BEC8-6B7EFDE9BC7B}.Debug|Any CPU.Build.0 = Debug|Any CPU
		{C9D2E95E-98F8-4A65-BEC8-6B7EFDE9BC7B}.Release|Any CPU.ActiveCfg = Release|Any CPU
		{C9D2E95E-98F8-4A65-BEC8-6B7EFDE9BC7B}.Release|Any CPU.Build.0 = Release|Any CPU
	EndGlobalSection
	GlobalSection(SolutionProperties) = preSolution
		HideSolutionNode = FALSE
	EndGlobalSection
	GlobalSection(ExtensibilityGlobals) = postSolution
		SolutionGuid = {4F0B2605-CF27-4080-AD7E-6A8B1C861D88}
	EndGlobalSection
EndGlobal
